lockfileVersion: 5.4

specifiers:
  twitter-api-sdk: ^1.0.7
  typescript-deno-plugin: ^1.31.0

dependencies:
  twitter-api-sdk: 1.0.7

devDependencies:
  typescript-deno-plugin: 1.31.0

packages:

  /arr-union/3.1.0:
    resolution: {integrity: sha512-sKpyeERZ02v1FeCZT8lrfJq5u6goHCtpTAzPwJYe7c8SPFOboNjNg1vz2L4VTn9T4PQxEx13TbXLmYUcS6Ug7Q==}
    engines: {node: '>=0.10.0'}
    dev: true

  /clone-deep/0.2.4:
    resolution: {integrity: sha1-TnPdCen7lxzDhnDF3O2cGJZIHMY=}
    engines: {node: '>=0.10.0'}
    dependencies:
      for-own: 0.1.5
      is-plain-object: 2.0.4
      kind-of: 3.2.2
      lazy-cache: 1.0.4
      shallow-clone: 0.1.2
    dev: true

  /for-in/0.1.8:
    resolution: {integrity: sha1-2Hc5COMSVhCZUrH9ubP6hn0ndeE=}
    engines: {node: '>=0.10.0'}
    dev: true

  /for-in/1.0.2:
    resolution: {integrity: sha1-gQaNKVqBQuwKxybG4iAMMPttXoA=}
    engines: {node: '>=0.10.0'}
    dev: true

  /for-own/0.1.5:
    resolution: {integrity: sha1-UmXGgaTylNq78XyVCbZ2OqhFEM4=}
    engines: {node: '>=0.10.0'}
    dependencies:
      for-in: 1.0.2
    dev: true

  /import-maps/0.2.4:
    resolution: {integrity: sha512-31ZDO53RS3HcZUDIj8OMNuFr6gXkc6wsK+lTZosZuT8CDF/Y1Hk2gAJ6X+bdiEZoj8GkRN+nS5hFZQuOl0f29g==}
    dev: true

  /is-buffer/1.1.6:
    resolution: {integrity: sha512-NcdALwpXkTm5Zvvbk7owOUSvVvBKDgKP5/ewfXEznmQFfs4ZRmanOeKBTjRVjka3QFoN6XJ+9F3USqfHqTaU5w==}
    dev: true

  /is-extendable/0.1.1:
    resolution: {integrity: sha1-YrEQ4omkcUGOPsNqYX1HLjAd/Ik=}
    engines: {node: '>=0.10.0'}
    dev: true

  /is-plain-object/2.0.4:
    resolution: {integrity: sha512-h5PpgXkWitc38BBMYawTYMWJHFZJVnBquFE57xFpjB8pJFiF6gZ+bU+WyI/yqXiFR5mdLsgYNaPe8uao6Uv9Og==}
    engines: {node: '>=0.10.0'}
    dependencies:
      isobject: 3.0.1
    dev: true

  /isobject/3.0.1:
    resolution: {integrity: sha1-TkMekrEalzFjaqH5yNHMvP2reN8=}
    engines: {node: '>=0.10.0'}
    dev: true

  /kind-of/2.0.1:
    resolution: {integrity: sha1-AY7HpM5+OobLkUG+UZ0kyPqpgbU=}
    engines: {node: '>=0.10.0'}
    dependencies:
      is-buffer: 1.1.6
    dev: true

  /kind-of/3.2.2:
    resolution: {integrity: sha1-MeohpzS6ubuw8yRm2JOupR5KPGQ=}
    engines: {node: '>=0.10.0'}
    dependencies:
      is-buffer: 1.1.6
    dev: true

  /lazy-cache/0.2.7:
    resolution: {integrity: sha1-f+3fLctu23fRHvHRF6tf/fCrG2U=}
    engines: {node: '>=0.10.0'}
    dev: true

  /lazy-cache/1.0.4:
    resolution: {integrity: sha1-odePw6UEdMuAhF07O24dpJpEbo4=}
    engines: {node: '>=0.10.0'}
    dev: true

  /merge-deep/3.0.3:
    resolution: {integrity: sha512-qtmzAS6t6grwEkNrunqTBdn0qKwFgNWvlxUbAV8es9M7Ot1EbyApytCnvE0jALPa46ZpKDUo527kKiaWplmlFA==}
    engines: {node: '>=0.10.0'}
    dependencies:
      arr-union: 3.1.0
      clone-deep: 0.2.4
      kind-of: 3.2.2
    dev: true

  /mixin-object/2.0.1:
    resolution: {integrity: sha1-T7lJRB2rGCVA8f4DW6YOGUel5X4=}
    engines: {node: '>=0.10.0'}
    dependencies:
      for-in: 0.1.8
      is-extendable: 0.1.1
    dev: true

  /node-fetch/2.6.7:
    resolution: {integrity: sha512-ZjMPFEfVx5j+y2yF35Kzx5sF7kDzxuDj6ziH4FFbOp87zKDZNx8yExJIb05OGF4Nlt9IHFIMBkRl41VdvcNdbQ==}
    engines: {node: 4.x || >=6.0.0}
    peerDependencies:
      encoding: ^0.1.0
    peerDependenciesMeta:
      encoding:
        optional: true
    dependencies:
      whatwg-url: 5.0.0
    dev: false

  /shallow-clone/0.1.2:
    resolution: {integrity: sha1-WQnodLp3EG1zrEFM/sH/yofZcGA=}
    engines: {node: '>=0.10.0'}
    dependencies:
      is-extendable: 0.1.1
      kind-of: 2.0.1
      lazy-cache: 0.2.7
      mixin-object: 2.0.1
    dev: true

  /tr46/0.0.3:
    resolution: {integrity: sha1-gYT9NH2snNwYWZLzpmIuFLnZq2o=}
    dev: false

  /twitter-api-sdk/1.0.7:
    resolution: {integrity: sha512-Dt8eHpb+fs5kFOMiVchvQYIgU6dPS3BESnJT5Z//fKB8aHqMPXgWY+NjGiasa1jQFoCb/snvdW/98fpThpMjHg==}
    engines: {node: '>=14'}
    dependencies:
      node-fetch: 2.6.7
    transitivePeerDependencies:
      - encoding
    dev: false

  /typescript-deno-plugin/1.31.0:
    resolution: {integrity: sha512-IoF5c8EubyNgjxxarguZfMx8Ph9Av9XqjySop0orepXv8wr02ND3DNNDFFdQyZfQAAcv1/v/u14MQIp8Os4c1w==}
    dependencies:
      import-maps: 0.2.4
      merge-deep: 3.0.3
    dev: true

  /webidl-conversions/3.0.1:
    resolution: {integrity: sha1-JFNCdeKnvGvnvIZhHMFq4KVlSHE=}
    dev: false

  /whatwg-url/5.0.0:
    resolution: {integrity: sha1-lmRU6HZUYuN2RNNib2dCzotwll0=}
    dependencies:
      tr46: 0.0.3
      webidl-conversions: 3.0.1
    dev: false
